// !$*UTF8*$!
{
	archiveVersion = 1;
	classes = {
	};
	objectVersion = 51;
	objects = {

/* Begin PBXBuildFile section */
		07700285250B32220059C168 /* HorizontalThemeCellViewModel.swift in Sources */ = {isa = PBXBuildFile; fileRef = 07700284250B32220059C168 /* HorizontalThemeCellViewModel.swift */; };
		07700287250B368B0059C168 /* CoverCellViewModel.swift in Sources */ = {isa = PBXBuildFile; fileRef = 07700286250B368B0059C168 /* CoverCellViewModel.swift */; };
		07700289250B383D0059C168 /* HorizontalTheme.swift in Sources */ = {isa = PBXBuildFile; fileRef = 07700288250B383D0059C168 /* HorizontalTheme.swift */; };
		0770028B250B63780059C168 /* HorizontalThemeCell.xib in Resources */ = {isa = PBXBuildFile; fileRef = 0770028A250B63780059C168 /* HorizontalThemeCell.xib */; };
		079C749D25089697004D20C6 /* AppDelegate.swift in Sources */ = {isa = PBXBuildFile; fileRef = 079C749C25089697004D20C6 /* AppDelegate.swift */; };
		079C749F25089697004D20C6 /* SceneDelegate.swift in Sources */ = {isa = PBXBuildFile; fileRef = 079C749E25089697004D20C6 /* SceneDelegate.swift */; };
		079C74A125089697004D20C6 /* CompanyListViewController.swift in Sources */ = {isa = PBXBuildFile; fileRef = 079C74A025089697004D20C6 /* CompanyListViewController.swift */; };
		079C74A425089697004D20C6 /* Main.storyboard in Resources */ = {isa = PBXBuildFile; fileRef = 079C74A225089697004D20C6 /* Main.storyboard */; };
		079C74A625089699004D20C6 /* Assets.xcassets in Resources */ = {isa = PBXBuildFile; fileRef = 079C74A525089699004D20C6 /* Assets.xcassets */; };
		079C74A925089699004D20C6 /* LaunchScreen.storyboard in Resources */ = {isa = PBXBuildFile; fileRef = 079C74A725089699004D20C6 /* LaunchScreen.storyboard */; };
		079C74B425089699004D20C6 /* CompanyListTests.swift in Sources */ = {isa = PBXBuildFile; fileRef = 079C74B325089699004D20C6 /* CompanyListTests.swift */; };
		079C74CA2508B2BA004D20C6 /* Response.swift in Sources */ = {isa = PBXBuildFile; fileRef = 079C74C92508B2BA004D20C6 /* Response.swift */; };
		079C74CD2508E10E004D20C6 /* CompanyCell.swift in Sources */ = {isa = PBXBuildFile; fileRef = 079C74CB2508E10E004D20C6 /* CompanyCell.swift */; };
		079C74CE2508E10E004D20C6 /* CompanyCell.xib in Resources */ = {isa = PBXBuildFile; fileRef = 079C74CC2508E10E004D20C6 /* CompanyCell.xib */; };
		079C74D12508E326004D20C6 /* BindableType.swift in Sources */ = {isa = PBXBuildFile; fileRef = 079C74D02508E326004D20C6 /* BindableType.swift */; };
		079C74D325091529004D20C6 /* Company.swift in Sources */ = {isa = PBXBuildFile; fileRef = 079C74D225091529004D20C6 /* Company.swift */; };
		079C74D625091570004D20C6 /* CommonItemType.swift in Sources */ = {isa = PBXBuildFile; fileRef = 079C74D525091570004D20C6 /* CommonItemType.swift */; };
		079C74D825091590004D20C6 /* Dummy.swift in Sources */ = {isa = PBXBuildFile; fileRef = 079C74D725091590004D20C6 /* Dummy.swift */; };
		079C74DA250915CC004D20C6 /* Item.swift in Sources */ = {isa = PBXBuildFile; fileRef = 079C74D9250915CC004D20C6 /* Item.swift */; };
		079C74DC250916A4004D20C6 /* CompanyListViewModel.swift in Sources */ = {isa = PBXBuildFile; fileRef = 079C74DB250916A4004D20C6 /* CompanyListViewModel.swift */; };
		079C74DE250916E8004D20C6 /* DummyCellViewModel.swift in Sources */ = {isa = PBXBuildFile; fileRef = 079C74DD250916E8004D20C6 /* DummyCellViewModel.swift */; };
		079C74E225091722004D20C6 /* CompanyCellViewModel.swift in Sources */ = {isa = PBXBuildFile; fileRef = 079C74E125091722004D20C6 /* CompanyCellViewModel.swift */; };
		079C74E4250917A2004D20C6 /* ObservableType+Extras.swift in Sources */ = {isa = PBXBuildFile; fileRef = 079C74E3250917A2004D20C6 /* ObservableType+Extras.swift */; };
		079C74E825091E04004D20C6 /* CellViewModelType.swift in Sources */ = {isa = PBXBuildFile; fileRef = 079C74E725091E04004D20C6 /* CellViewModelType.swift */; };
		07AF9F8E2509CB310077BE7C /* UIView+Extras.swift in Sources */ = {isa = PBXBuildFile; fileRef = 07AF9F8D2509CB310077BE7C /* UIView+Extras.swift */; };
		07AF9F902509CDC10077BE7C /* CompanyTitleView.swift in Sources */ = {isa = PBXBuildFile; fileRef = 07AF9F8F2509CDC10077BE7C /* CompanyTitleView.swift */; };
		07AF9F942509FBF60077BE7C /* CompanyTitleView.xib in Resources */ = {isa = PBXBuildFile; fileRef = 07AF9F932509FBF60077BE7C /* CompanyTitleView.xib */; };
		07AF9F97250A099D0077BE7C /* InterviewCell.swift in Sources */ = {isa = PBXBuildFile; fileRef = 07AF9F95250A099D0077BE7C /* InterviewCell.swift */; };
		07AF9F98250A099D0077BE7C /* InterviewCell.xib in Resources */ = {isa = PBXBuildFile; fileRef = 07AF9F96250A099D0077BE7C /* InterviewCell.xib */; };
		07AF9F9B250A09C00077BE7C /* InterviewCellViewModel.swift in Sources */ = {isa = PBXBuildFile; fileRef = 07AF9F9A250A09C00077BE7C /* InterviewCellViewModel.swift */; };
		07AF9F9D250A0B790077BE7C /* Interview.swift in Sources */ = {isa = PBXBuildFile; fileRef = 07AF9F9C250A0B790077BE7C /* Interview.swift */; };
		07AF9FA1250A13870077BE7C /* ReviewCell.swift in Sources */ = {isa = PBXBuildFile; fileRef = 07AF9F9F250A13870077BE7C /* ReviewCell.swift */; };
		07AF9FA2250A13870077BE7C /* ReviewCell.xib in Resources */ = {isa = PBXBuildFile; fileRef = 07AF9FA0250A13870077BE7C /* ReviewCell.xib */; };
		07AF9FA4250A13AB0077BE7C /* ReviewCellViewModel.swift in Sources */ = {isa = PBXBuildFile; fileRef = 07AF9FA3250A13AB0077BE7C /* ReviewCellViewModel.swift */; };
		07AF9FA6250A17100077BE7C /* Review.swift in Sources */ = {isa = PBXBuildFile; fileRef = 07AF9FA5250A17100077BE7C /* Review.swift */; };
		07AF9FAA250A22AC0077BE7C /* SalaryCell.swift in Sources */ = {isa = PBXBuildFile; fileRef = 07AF9FA8250A22AC0077BE7C /* SalaryCell.swift */; };
		07AF9FAB250A22AC0077BE7C /* SalaryCell.xib in Resources */ = {isa = PBXBuildFile; fileRef = 07AF9FA9250A22AC0077BE7C /* SalaryCell.xib */; };
		07AF9FAD250A22D50077BE7C /* SalaryCellViewModel.swift in Sources */ = {isa = PBXBuildFile; fileRef = 07AF9FAC250A22D50077BE7C /* SalaryCellViewModel.swift */; };
		07AF9FAF250A23680077BE7C /* Salary.swift in Sources */ = {isa = PBXBuildFile; fileRef = 07AF9FAE250A23680077BE7C /* Salary.swift */; };
		07AF9FB3250A5A080077BE7C /* JobPostingCell.swift in Sources */ = {isa = PBXBuildFile; fileRef = 07AF9FB1250A5A080077BE7C /* JobPostingCell.swift */; };
		07AF9FB4250A5A080077BE7C /* JobPostingCell.xib in Resources */ = {isa = PBXBuildFile; fileRef = 07AF9FB2250A5A080077BE7C /* JobPostingCell.xib */; };
		07AF9FB6250A5A230077BE7C /* JobPostingCellViewModel.swift in Sources */ = {isa = PBXBuildFile; fileRef = 07AF9FB5250A5A230077BE7C /* JobPostingCellViewModel.swift */; };
		07AF9FB8250A5AC80077BE7C /* JobPosting.swift in Sources */ = {isa = PBXBuildFile; fileRef = 07AF9FB7250A5AC80077BE7C /* JobPosting.swift */; };
		07AF9FBA250A60060077BE7C /* UIColor+Extras.swift in Sources */ = {isa = PBXBuildFile; fileRef = 07AF9FB9250A60060077BE7C /* UIColor+Extras.swift */; };
		07AF9FBD250A6B330077BE7C /* HorizontalThemeCell.swift in Sources */ = {isa = PBXBuildFile; fileRef = 07AF9FBB250A6B330077BE7C /* HorizontalThemeCell.swift */; };
		07AF9FC2250A6BEA0077BE7C /* CoverCell.swift in Sources */ = {isa = PBXBuildFile; fileRef = 07AF9FC0250A6BEA0077BE7C /* CoverCell.swift */; };
		07AF9FC3250A6BEA0077BE7C /* CoverCell.xib in Resources */ = {isa = PBXBuildFile; fileRef = 07AF9FC1250A6BEA0077BE7C /* CoverCell.xib */; };
		D34E66AAA014DB0A96CBA612 /* Pods_CompanyList.framework in Frameworks */ = {isa = PBXBuildFile; fileRef = 902BF8109B7B06CFD31D2FC2 /* Pods_CompanyList.framework */; };
		DDA664BBB5BBDE109FBEDC5C /* Pods_CompanyListTests.framework in Frameworks */ = {isa = PBXBuildFile; fileRef = FAE4CB860AA037B4BF113029 /* Pods_CompanyListTests.framework */; };
/* End PBXBuildFile section */

/* Begin PBXContainerItemProxy section */
		079C74B025089699004D20C6 /* PBXContainerItemProxy */ = {
			isa = PBXContainerItemProxy;
			containerPortal = 079C749125089697004D20C6 /* Project object */;
			proxyType = 1;
			remoteGlobalIDString = 079C749825089697004D20C6;
			remoteInfo = CompanyList;
		};
/* End PBXContainerItemProxy section */

/* Begin PBXFileReference section */
		07700284250B32220059C168 /* HorizontalThemeCellViewModel.swift */ = {isa = PBXFileReference; lastKnownFileType = sourcecode.swift; path = HorizontalThemeCellViewModel.swift; sourceTree = "<group>"; };
		07700286250B368B0059C168 /* CoverCellViewModel.swift */ = {isa = PBXFileReference; lastKnownFileType = sourcecode.swift; path = CoverCellViewModel.swift; sourceTree = "<group>"; };
		07700288250B383D0059C168 /* HorizontalTheme.swift */ = {isa = PBXFileReference; lastKnownFileType = sourcecode.swift; path = HorizontalTheme.swift; sourceTree = "<group>"; };
		0770028A250B63780059C168 /* HorizontalThemeCell.xib */ = {isa = PBXFileReference; lastKnownFileType = file.xib; path = HorizontalThemeCell.xib; sourceTree = "<group>"; };
		079C749925089697004D20C6 /* CompanyList.app */ = {isa = PBXFileReference; explicitFileType = wrapper.application; includeInIndex = 0; path = CompanyList.app; sourceTree = BUILT_PRODUCTS_DIR; };
		079C749C25089697004D20C6 /* AppDelegate.swift */ = {isa = PBXFileReference; lastKnownFileType = sourcecode.swift; path = AppDelegate.swift; sourceTree = "<group>"; };
		079C749E25089697004D20C6 /* SceneDelegate.swift */ = {isa = PBXFileReference; lastKnownFileType = sourcecode.swift; path = SceneDelegate.swift; sourceTree = "<group>"; };
		079C74A025089697004D20C6 /* CompanyListViewController.swift */ = {isa = PBXFileReference; lastKnownFileType = sourcecode.swift; path = CompanyListViewController.swift; sourceTree = "<group>"; };
		079C74A325089697004D20C6 /* Base */ = {isa = PBXFileReference; lastKnownFileType = file.storyboard; name = Base; path = Base.lproj/Main.storyboard; sourceTree = "<group>"; };
		079C74A525089699004D20C6 /* Assets.xcassets */ = {isa = PBXFileReference; lastKnownFileType = folder.assetcatalog; path = Assets.xcassets; sourceTree = "<group>"; };
		079C74A825089699004D20C6 /* Base */ = {isa = PBXFileReference; lastKnownFileType = file.storyboard; name = Base; path = Base.lproj/LaunchScreen.storyboard; sourceTree = "<group>"; };
		079C74AA25089699004D20C6 /* Info.plist */ = {isa = PBXFileReference; lastKnownFileType = text.plist.xml; path = Info.plist; sourceTree = "<group>"; };
		079C74AF25089699004D20C6 /* CompanyListTests.xctest */ = {isa = PBXFileReference; explicitFileType = wrapper.cfbundle; includeInIndex = 0; path = CompanyListTests.xctest; sourceTree = BUILT_PRODUCTS_DIR; };
		079C74B325089699004D20C6 /* CompanyListTests.swift */ = {isa = PBXFileReference; lastKnownFileType = sourcecode.swift; path = CompanyListTests.swift; sourceTree = "<group>"; };
		079C74B525089699004D20C6 /* Info.plist */ = {isa = PBXFileReference; lastKnownFileType = text.plist.xml; path = Info.plist; sourceTree = "<group>"; };
		079C74C92508B2BA004D20C6 /* Response.swift */ = {isa = PBXFileReference; lastKnownFileType = sourcecode.swift; path = Response.swift; sourceTree = "<group>"; };
		079C74CB2508E10E004D20C6 /* CompanyCell.swift */ = {isa = PBXFileReference; lastKnownFileType = sourcecode.swift; path = CompanyCell.swift; sourceTree = "<group>"; };
		079C74CC2508E10E004D20C6 /* CompanyCell.xib */ = {isa = PBXFileReference; lastKnownFileType = file.xib; path = CompanyCell.xib; sourceTree = "<group>"; };
		079C74D02508E326004D20C6 /* BindableType.swift */ = {isa = PBXFileReference; lastKnownFileType = sourcecode.swift; path = BindableType.swift; sourceTree = "<group>"; };
		079C74D225091529004D20C6 /* Company.swift */ = {isa = PBXFileReference; lastKnownFileType = sourcecode.swift; path = Company.swift; sourceTree = "<group>"; };
		079C74D525091570004D20C6 /* CommonItemType.swift */ = {isa = PBXFileReference; lastKnownFileType = sourcecode.swift; path = CommonItemType.swift; sourceTree = "<group>"; };
		079C74D725091590004D20C6 /* Dummy.swift */ = {isa = PBXFileReference; lastKnownFileType = sourcecode.swift; path = Dummy.swift; sourceTree = "<group>"; };
		079C74D9250915CC004D20C6 /* Item.swift */ = {isa = PBXFileReference; lastKnownFileType = sourcecode.swift; path = Item.swift; sourceTree = "<group>"; };
		079C74DB250916A4004D20C6 /* CompanyListViewModel.swift */ = {isa = PBXFileReference; lastKnownFileType = sourcecode.swift; path = CompanyListViewModel.swift; sourceTree = "<group>"; };
		079C74DD250916E8004D20C6 /* DummyCellViewModel.swift */ = {isa = PBXFileReference; lastKnownFileType = sourcecode.swift; path = DummyCellViewModel.swift; sourceTree = "<group>"; };
		079C74E125091722004D20C6 /* CompanyCellViewModel.swift */ = {isa = PBXFileReference; lastKnownFileType = sourcecode.swift; path = CompanyCellViewModel.swift; sourceTree = "<group>"; };
		079C74E3250917A2004D20C6 /* ObservableType+Extras.swift */ = {isa = PBXFileReference; lastKnownFileType = sourcecode.swift; path = "ObservableType+Extras.swift"; sourceTree = "<group>"; };
		079C74E725091E04004D20C6 /* CellViewModelType.swift */ = {isa = PBXFileReference; lastKnownFileType = sourcecode.swift; path = CellViewModelType.swift; sourceTree = "<group>"; };
		07AF9F8D2509CB310077BE7C /* UIView+Extras.swift */ = {isa = PBXFileReference; lastKnownFileType = sourcecode.swift; path = "UIView+Extras.swift"; sourceTree = "<group>"; };
		07AF9F8F2509CDC10077BE7C /* CompanyTitleView.swift */ = {isa = PBXFileReference; lastKnownFileType = sourcecode.swift; path = CompanyTitleView.swift; sourceTree = "<group>"; };
		07AF9F932509FBF60077BE7C /* CompanyTitleView.xib */ = {isa = PBXFileReference; lastKnownFileType = file.xib; path = CompanyTitleView.xib; sourceTree = "<group>"; };
		07AF9F95250A099D0077BE7C /* InterviewCell.swift */ = {isa = PBXFileReference; lastKnownFileType = sourcecode.swift; path = InterviewCell.swift; sourceTree = "<group>"; };
		07AF9F96250A099D0077BE7C /* InterviewCell.xib */ = {isa = PBXFileReference; lastKnownFileType = file.xib; path = InterviewCell.xib; sourceTree = "<group>"; };
		07AF9F9A250A09C00077BE7C /* InterviewCellViewModel.swift */ = {isa = PBXFileReference; lastKnownFileType = sourcecode.swift; path = InterviewCellViewModel.swift; sourceTree = "<group>"; };
		07AF9F9C250A0B790077BE7C /* Interview.swift */ = {isa = PBXFileReference; lastKnownFileType = sourcecode.swift; path = Interview.swift; sourceTree = "<group>"; };
		07AF9F9F250A13870077BE7C /* ReviewCell.swift */ = {isa = PBXFileReference; lastKnownFileType = sourcecode.swift; path = ReviewCell.swift; sourceTree = "<group>"; };
		07AF9FA0250A13870077BE7C /* ReviewCell.xib */ = {isa = PBXFileReference; lastKnownFileType = file.xib; path = ReviewCell.xib; sourceTree = "<group>"; };
		07AF9FA3250A13AB0077BE7C /* ReviewCellViewModel.swift */ = {isa = PBXFileReference; lastKnownFileType = sourcecode.swift; path = ReviewCellViewModel.swift; sourceTree = "<group>"; };
		07AF9FA5250A17100077BE7C /* Review.swift */ = {isa = PBXFileReference; lastKnownFileType = sourcecode.swift; path = Review.swift; sourceTree = "<group>"; };
		07AF9FA8250A22AC0077BE7C /* SalaryCell.swift */ = {isa = PBXFileReference; lastKnownFileType = sourcecode.swift; path = SalaryCell.swift; sourceTree = "<group>"; };
		07AF9FA9250A22AC0077BE7C /* SalaryCell.xib */ = {isa = PBXFileReference; lastKnownFileType = file.xib; path = SalaryCell.xib; sourceTree = "<group>"; };
		07AF9FAC250A22D50077BE7C /* SalaryCellViewModel.swift */ = {isa = PBXFileReference; lastKnownFileType = sourcecode.swift; path = SalaryCellViewModel.swift; sourceTree = "<group>"; };
		07AF9FAE250A23680077BE7C /* Salary.swift */ = {isa = PBXFileReference; lastKnownFileType = sourcecode.swift; path = Salary.swift; sourceTree = "<group>"; };
		07AF9FB1250A5A080077BE7C /* JobPostingCell.swift */ = {isa = PBXFileReference; lastKnownFileType = sourcecode.swift; path = JobPostingCell.swift; sourceTree = "<group>"; };
		07AF9FB2250A5A080077BE7C /* JobPostingCell.xib */ = {isa = PBXFileReference; lastKnownFileType = file.xib; path = JobPostingCell.xib; sourceTree = "<group>"; };
		07AF9FB5250A5A230077BE7C /* JobPostingCellViewModel.swift */ = {isa = PBXFileReference; lastKnownFileType = sourcecode.swift; path = JobPostingCellViewModel.swift; sourceTree = "<group>"; };
		07AF9FB7250A5AC80077BE7C /* JobPosting.swift */ = {isa = PBXFileReference; lastKnownFileType = sourcecode.swift; path = JobPosting.swift; sourceTree = "<group>"; };
		07AF9FB9250A60060077BE7C /* UIColor+Extras.swift */ = {isa = PBXFileReference; lastKnownFileType = sourcecode.swift; path = "UIColor+Extras.swift"; sourceTree = "<group>"; };
		07AF9FBB250A6B330077BE7C /* HorizontalThemeCell.swift */ = {isa = PBXFileReference; lastKnownFileType = sourcecode.swift; path = HorizontalThemeCell.swift; sourceTree = "<group>"; };
		07AF9FC0250A6BEA0077BE7C /* CoverCell.swift */ = {isa = PBXFileReference; lastKnownFileType = sourcecode.swift; path = CoverCell.swift; sourceTree = "<group>"; };
		07AF9FC1250A6BEA0077BE7C /* CoverCell.xib */ = {isa = PBXFileReference; lastKnownFileType = file.xib; path = CoverCell.xib; sourceTree = "<group>"; };
		0B92F13BA32ECFBEA709B0A1 /* Pods-CompanyList.release.xcconfig */ = {isa = PBXFileReference; includeInIndex = 1; lastKnownFileType = text.xcconfig; name = "Pods-CompanyList.release.xcconfig"; path = "Target Support Files/Pods-CompanyList/Pods-CompanyList.release.xcconfig"; sourceTree = "<group>"; };
		1C9800082FF8153B181E123C /* Pods-CompanyListTests.release.xcconfig */ = {isa = PBXFileReference; includeInIndex = 1; lastKnownFileType = text.xcconfig; name = "Pods-CompanyListTests.release.xcconfig"; path = "Target Support Files/Pods-CompanyListTests/Pods-CompanyListTests.release.xcconfig"; sourceTree = "<group>"; };
		5B29C67B5E810B982CCBF997 /* Pods-CompanyListTests.debug.xcconfig */ = {isa = PBXFileReference; includeInIndex = 1; lastKnownFileType = text.xcconfig; name = "Pods-CompanyListTests.debug.xcconfig"; path = "Target Support Files/Pods-CompanyListTests/Pods-CompanyListTests.debug.xcconfig"; sourceTree = "<group>"; };
		80C0974907DB343A1CD78681 /* Pods-CompanyList.debug.xcconfig */ = {isa = PBXFileReference; includeInIndex = 1; lastKnownFileType = text.xcconfig; name = "Pods-CompanyList.debug.xcconfig"; path = "Target Support Files/Pods-CompanyList/Pods-CompanyList.debug.xcconfig"; sourceTree = "<group>"; };
		902BF8109B7B06CFD31D2FC2 /* Pods_CompanyList.framework */ = {isa = PBXFileReference; explicitFileType = wrapper.framework; includeInIndex = 0; path = Pods_CompanyList.framework; sourceTree = BUILT_PRODUCTS_DIR; };
		FAE4CB860AA037B4BF113029 /* Pods_CompanyListTests.framework */ = {isa = PBXFileReference; explicitFileType = wrapper.framework; includeInIndex = 0; path = Pods_CompanyListTests.framework; sourceTree = BUILT_PRODUCTS_DIR; };
/* End PBXFileReference section */

/* Begin PBXFrameworksBuildPhase section */
		079C749625089697004D20C6 /* Frameworks */ = {
			isa = PBXFrameworksBuildPhase;
			buildActionMask = 2147483647;
			files = (
				D34E66AAA014DB0A96CBA612 /* Pods_CompanyList.framework in Frameworks */,
			);
			runOnlyForDeploymentPostprocessing = 0;
		};
		079C74AC25089699004D20C6 /* Frameworks */ = {
			isa = PBXFrameworksBuildPhase;
			buildActionMask = 2147483647;
			files = (
				DDA664BBB5BBDE109FBEDC5C /* Pods_CompanyListTests.framework in Frameworks */,
			);
			runOnlyForDeploymentPostprocessing = 0;
		};
/* End PBXFrameworksBuildPhase section */

/* Begin PBXGroup section */
		076E9F652509C4EA0058F8EC /* Views */ = {
			isa = PBXGroup;
			children = (
				076E9F662509C4FD0058F8EC /* View */,
				079C74DF25091706004D20C6 /* Cells */,
			);
			path = Views;
			sourceTree = "<group>";
		};
		076E9F662509C4FD0058F8EC /* View */ = {
			isa = PBXGroup;
			children = (
				07AF9F8F2509CDC10077BE7C /* CompanyTitleView.swift */,
				07AF9F932509FBF60077BE7C /* CompanyTitleView.xib */,
			);
			path = View;
			sourceTree = "<group>";
		};
		079C749025089697004D20C6 = {
			isa = PBXGroup;
			children = (
				079C749B25089697004D20C6 /* CompanyList */,
				079C74B225089699004D20C6 /* CompanyListTests */,
				079C749A25089697004D20C6 /* Products */,
				7A3015658D45D77A0C06C58F /* Pods */,
				A1EB5AE59502C998EA87FED4 /* Frameworks */,
			);
			sourceTree = "<group>";
		};
		079C749A25089697004D20C6 /* Products */ = {
			isa = PBXGroup;
			children = (
				079C749925089697004D20C6 /* CompanyList.app */,
				079C74AF25089699004D20C6 /* CompanyListTests.xctest */,
			);
			name = Products;
			sourceTree = "<group>";
		};
		079C749B25089697004D20C6 /* CompanyList */ = {
			isa = PBXGroup;
			children = (
				079C749C25089697004D20C6 /* AppDelegate.swift */,
				079C749E25089697004D20C6 /* SceneDelegate.swift */,
				076E9F652509C4EA0058F8EC /* Views */,
				079C74E525091860004D20C6 /* ViewController */,
				079C74D425091534004D20C6 /* Models */,
				079C74CF2508E31A004D20C6 /* Utils */,
				079C74A225089697004D20C6 /* Main.storyboard */,
				079C74A525089699004D20C6 /* Assets.xcassets */,
				079C74A725089699004D20C6 /* LaunchScreen.storyboard */,
				079C74AA25089699004D20C6 /* Info.plist */,
			);
			path = CompanyList;
			sourceTree = "<group>";
		};
		079C74B225089699004D20C6 /* CompanyListTests */ = {
			isa = PBXGroup;
			children = (
				079C74B325089699004D20C6 /* CompanyListTests.swift */,
				079C74B525089699004D20C6 /* Info.plist */,
			);
			path = CompanyListTests;
			sourceTree = "<group>";
		};
		079C74CF2508E31A004D20C6 /* Utils */ = {
			isa = PBXGroup;
			children = (
				079C74D02508E326004D20C6 /* BindableType.swift */,
				079C74E3250917A2004D20C6 /* ObservableType+Extras.swift */,
				07AF9F8D2509CB310077BE7C /* UIView+Extras.swift */,
				07AF9FB9250A60060077BE7C /* UIColor+Extras.swift */,
			);
			path = Utils;
			sourceTree = "<group>";
		};
		079C74D425091534004D20C6 /* Models */ = {
			isa = PBXGroup;
			children = (
				079C74C92508B2BA004D20C6 /* Response.swift */,
				079C74D9250915CC004D20C6 /* Item.swift */,
				079C74D725091590004D20C6 /* Dummy.swift */,
				079C74D525091570004D20C6 /* CommonItemType.swift */,
				079C74D225091529004D20C6 /* Company.swift */,
				07AF9FA5250A17100077BE7C /* Review.swift */,
				07AF9F9C250A0B790077BE7C /* Interview.swift */,
				07AF9FAE250A23680077BE7C /* Salary.swift */,
				07AF9FB7250A5AC80077BE7C /* JobPosting.swift */,
				07700288250B383D0059C168 /* HorizontalTheme.swift */,
			);
			path = Models;
			sourceTree = "<group>";
		};
		079C74DF25091706004D20C6 /* Cells */ = {
			isa = PBXGroup;
			children = (
				079C74E725091E04004D20C6 /* CellViewModelType.swift */,
				07AF9FB0250A59E50077BE7C /* JobPostingCell */,
				07AF9FA7250A22930077BE7C /* SalaryCell */,
				07AF9F9E250A13710077BE7C /* ReviewCell */,
				079C74DD250916E8004D20C6 /* DummyCellViewModel.swift */,
				079C74E02509170C004D20C6 /* CompanyCell */,
				07AF9F99250A09A10077BE7C /* InterviewCell */,
				07AF9FBF250A6B370077BE7C /* HorizontalThemeCell */,
			);
			path = Cells;
			sourceTree = "<group>";
		};
		079C74E02509170C004D20C6 /* CompanyCell */ = {
			isa = PBXGroup;
			children = (
				079C74CB2508E10E004D20C6 /* CompanyCell.swift */,
				079C74E125091722004D20C6 /* CompanyCellViewModel.swift */,
				079C74CC2508E10E004D20C6 /* CompanyCell.xib */,
			);
			path = CompanyCell;
			sourceTree = "<group>";
		};
		079C74E525091860004D20C6 /* ViewController */ = {
			isa = PBXGroup;
			children = (
				079C74E6250919CF004D20C6 /* CompanyListViewController */,
			);
			path = ViewController;
			sourceTree = "<group>";
		};
		079C74E6250919CF004D20C6 /* CompanyListViewController */ = {
			isa = PBXGroup;
			children = (
				079C74A025089697004D20C6 /* CompanyListViewController.swift */,
				079C74DB250916A4004D20C6 /* CompanyListViewModel.swift */,
			);
			path = CompanyListViewController;
			sourceTree = "<group>";
		};
		07AF9F99250A09A10077BE7C /* InterviewCell */ = {
			isa = PBXGroup;
			children = (
				07AF9F95250A099D0077BE7C /* InterviewCell.swift */,
				07AF9F96250A099D0077BE7C /* InterviewCell.xib */,
				07AF9F9A250A09C00077BE7C /* InterviewCellViewModel.swift */,
			);
			path = InterviewCell;
			sourceTree = "<group>";
		};
		07AF9F9E250A13710077BE7C /* ReviewCell */ = {
			isa = PBXGroup;
			children = (
				07AF9F9F250A13870077BE7C /* ReviewCell.swift */,
				07AF9FA3250A13AB0077BE7C /* ReviewCellViewModel.swift */,
				07AF9FA0250A13870077BE7C /* ReviewCell.xib */,
			);
			path = ReviewCell;
			sourceTree = "<group>";
		};
		07AF9FA7250A22930077BE7C /* SalaryCell */ = {
			isa = PBXGroup;
			children = (
				07AF9FA8250A22AC0077BE7C /* SalaryCell.swift */,
				07AF9FAC250A22D50077BE7C /* SalaryCellViewModel.swift */,
				07AF9FA9250A22AC0077BE7C /* SalaryCell.xib */,
			);
			path = SalaryCell;
			sourceTree = "<group>";
		};
		07AF9FB0250A59E50077BE7C /* JobPostingCell */ = {
			isa = PBXGroup;
			children = (
				07AF9FB5250A5A230077BE7C /* JobPostingCellViewModel.swift */,
				07AF9FB1250A5A080077BE7C /* JobPostingCell.swift */,
				07AF9FB2250A5A080077BE7C /* JobPostingCell.xib */,
			);
			path = JobPostingCell;
			sourceTree = "<group>";
		};
		07AF9FBF250A6B370077BE7C /* HorizontalThemeCell */ = {
			isa = PBXGroup;
			children = (
				07700284250B32220059C168 /* HorizontalThemeCellViewModel.swift */,
				07AF9FBB250A6B330077BE7C /* HorizontalThemeCell.swift */,
				0770028A250B63780059C168 /* HorizontalThemeCell.xib */,
				07AF9FC4250A6BF20077BE7C /* CoverCell */,
			);
			path = HorizontalThemeCell;
			sourceTree = "<group>";
		};
		07AF9FC4250A6BF20077BE7C /* CoverCell */ = {
			isa = PBXGroup;
			children = (
				07AF9FC0250A6BEA0077BE7C /* CoverCell.swift */,
				07AF9FC1250A6BEA0077BE7C /* CoverCell.xib */,
				07700286250B368B0059C168 /* CoverCellViewModel.swift */,
			);
			path = CoverCell;
			sourceTree = "<group>";
		};
		7A3015658D45D77A0C06C58F /* Pods */ = {
			isa = PBXGroup;
			children = (
				80C0974907DB343A1CD78681 /* Pods-CompanyList.debug.xcconfig */,
				0B92F13BA32ECFBEA709B0A1 /* Pods-CompanyList.release.xcconfig */,
				5B29C67B5E810B982CCBF997 /* Pods-CompanyListTests.debug.xcconfig */,
				1C9800082FF8153B181E123C /* Pods-CompanyListTests.release.xcconfig */,
			);
			path = Pods;
			sourceTree = "<group>";
		};
		A1EB5AE59502C998EA87FED4 /* Frameworks */ = {
			isa = PBXGroup;
			children = (
				902BF8109B7B06CFD31D2FC2 /* Pods_CompanyList.framework */,
				FAE4CB860AA037B4BF113029 /* Pods_CompanyListTests.framework */,
			);
			name = Frameworks;
			sourceTree = "<group>";
		};
/* End PBXGroup section */

/* Begin PBXNativeTarget section */
		079C749825089697004D20C6 /* CompanyList */ = {
			isa = PBXNativeTarget;
			buildConfigurationList = 079C74B825089699004D20C6 /* Build configuration list for PBXNativeTarget "CompanyList" */;
			buildPhases = (
				C7C9A00EF583157FC54BEF53 /* [CP] Check Pods Manifest.lock */,
				079C749525089697004D20C6 /* Sources */,
				079C749625089697004D20C6 /* Frameworks */,
				079C749725089697004D20C6 /* Resources */,
				FD09190DA5E6BA93AA3A6E49 /* [CP] Embed Pods Frameworks */,
			);
			buildRules = (
			);
			dependencies = (
			);
			name = CompanyList;
			productName = CompanyList;
			productReference = 079C749925089697004D20C6 /* CompanyList.app */;
			productType = "com.apple.product-type.application";
		};
		079C74AE25089699004D20C6 /* CompanyListTests */ = {
			isa = PBXNativeTarget;
			buildConfigurationList = 079C74BB25089699004D20C6 /* Build configuration list for PBXNativeTarget "CompanyListTests" */;
			buildPhases = (
				2C0405E6F87971DF1F60F9AA /* [CP] Check Pods Manifest.lock */,
				079C74AB25089699004D20C6 /* Sources */,
				079C74AC25089699004D20C6 /* Frameworks */,
				079C74AD25089699004D20C6 /* Resources */,
			);
			buildRules = (
			);
			dependencies = (
				079C74B125089699004D20C6 /* PBXTargetDependency */,
			);
			name = CompanyListTests;
			productName = CompanyListTests;
			productReference = 079C74AF25089699004D20C6 /* CompanyListTests.xctest */;
			productType = "com.apple.product-type.bundle.unit-test";
		};
/* End PBXNativeTarget section */

/* Begin PBXProject section */
		079C749125089697004D20C6 /* Project object */ = {
			isa = PBXProject;
			attributes = {
				LastSwiftUpdateCheck = 1170;
				LastUpgradeCheck = 1170;
				ORGANIZATIONNAME = yunseop;
				TargetAttributes = {
					079C749825089697004D20C6 = {
						CreatedOnToolsVersion = 11.7;
					};
					079C74AE25089699004D20C6 = {
						CreatedOnToolsVersion = 11.7;
						TestTargetID = 079C749825089697004D20C6;
					};
				};
			};
			buildConfigurationList = 079C749425089697004D20C6 /* Build configuration list for PBXProject "CompanyList" */;
			compatibilityVersion = "Xcode 9.3";
			developmentRegion = en;
			hasScannedForEncodings = 0;
			knownRegions = (
				en,
				Base,
			);
			mainGroup = 079C749025089697004D20C6;
			productRefGroup = 079C749A25089697004D20C6 /* Products */;
			projectDirPath = "";
			projectRoot = "";
			targets = (
				079C749825089697004D20C6 /* CompanyList */,
				079C74AE25089699004D20C6 /* CompanyListTests */,
			);
		};
/* End PBXProject section */

/* Begin PBXResourcesBuildPhase section */
		079C749725089697004D20C6 /* Resources */ = {
			isa = PBXResourcesBuildPhase;
			buildActionMask = 2147483647;
			files = (
				079C74A925089699004D20C6 /* LaunchScreen.storyboard in Resources */,
				07AF9FC3250A6BEA0077BE7C /* CoverCell.xib in Resources */,
				079C74A625089699004D20C6 /* Assets.xcassets in Resources */,
				07AF9FA2250A13870077BE7C /* ReviewCell.xib in Resources */,
				07AF9FAB250A22AC0077BE7C /* SalaryCell.xib in Resources */,
				079C74A425089697004D20C6 /* Main.storyboard in Resources */,
				0770028B250B63780059C168 /* HorizontalThemeCell.xib in Resources */,
				07AF9FB4250A5A080077BE7C /* JobPostingCell.xib in Resources */,
				079C74CE2508E10E004D20C6 /* CompanyCell.xib in Resources */,
				07AF9F942509FBF60077BE7C /* CompanyTitleView.xib in Resources */,
				07AF9F98250A099D0077BE7C /* InterviewCell.xib in Resources */,
			);
			runOnlyForDeploymentPostprocessing = 0;
		};
		079C74AD25089699004D20C6 /* Resources */ = {
			isa = PBXResourcesBuildPhase;
			buildActionMask = 2147483647;
			files = (
			);
			runOnlyForDeploymentPostprocessing = 0;
		};
/* End PBXResourcesBuildPhase section */

/* Begin PBXShellScriptBuildPhase section */
		2C0405E6F87971DF1F60F9AA /* [CP] Check Pods Manifest.lock */ = {
			isa = PBXShellScriptBuildPhase;
			buildActionMask = 2147483647;
			files = (
			);
			inputFileListPaths = (
			);
			inputPaths = (
				"${PODS_PODFILE_DIR_PATH}/Podfile.lock",
				"${PODS_ROOT}/Manifest.lock",
			);
			name = "[CP] Check Pods Manifest.lock";
			outputFileListPaths = (
			);
			outputPaths = (
				"$(DERIVED_FILE_DIR)/Pods-CompanyListTests-checkManifestLockResult.txt",
			);
			runOnlyForDeploymentPostprocessing = 0;
			shellPath = /bin/sh;
			shellScript = "diff \"${PODS_PODFILE_DIR_PATH}/Podfile.lock\" \"${PODS_ROOT}/Manifest.lock\" > /dev/null\nif [ $? != 0 ] ; then\n    # print error to STDERR\n    echo \"error: The sandbox is not in sync with the Podfile.lock. Run 'pod install' or update your CocoaPods installation.\" >&2\n    exit 1\nfi\n# This output is used by Xcode 'outputs' to avoid re-running this script phase.\necho \"SUCCESS\" > \"${SCRIPT_OUTPUT_FILE_0}\"\n";
			showEnvVarsInLog = 0;
		};
		C7C9A00EF583157FC54BEF53 /* [CP] Check Pods Manifest.lock */ = {
			isa = PBXShellScriptBuildPhase;
			buildActionMask = 2147483647;
			files = (
			);
			inputFileListPaths = (
			);
			inputPaths = (
				"${PODS_PODFILE_DIR_PATH}/Podfile.lock",
				"${PODS_ROOT}/Manifest.lock",
			);
			name = "[CP] Check Pods Manifest.lock";
			outputFileListPaths = (
			);
			outputPaths = (
				"$(DERIVED_FILE_DIR)/Pods-CompanyList-checkManifestLockResult.txt",
			);
			runOnlyForDeploymentPostprocessing = 0;
			shellPath = /bin/sh;
			shellScript = "diff \"${PODS_PODFILE_DIR_PATH}/Podfile.lock\" \"${PODS_ROOT}/Manifest.lock\" > /dev/null\nif [ $? != 0 ] ; then\n    # print error to STDERR\n    echo \"error: The sandbox is not in sync with the Podfile.lock. Run 'pod install' or update your CocoaPods installation.\" >&2\n    exit 1\nfi\n# This output is used by Xcode 'outputs' to avoid re-running this script phase.\necho \"SUCCESS\" > \"${SCRIPT_OUTPUT_FILE_0}\"\n";
			showEnvVarsInLog = 0;
		};
		FD09190DA5E6BA93AA3A6E49 /* [CP] Embed Pods Frameworks */ = {
			isa = PBXShellScriptBuildPhase;
			buildActionMask = 2147483647;
			files = (
			);
			inputFileListPaths = (
				"${PODS_ROOT}/Target Support Files/Pods-CompanyList/Pods-CompanyList-frameworks-${CONFIGURATION}-input-files.xcfilelist",
			);
			name = "[CP] Embed Pods Frameworks";
			outputFileListPaths = (
				"${PODS_ROOT}/Target Support Files/Pods-CompanyList/Pods-CompanyList-frameworks-${CONFIGURATION}-output-files.xcfilelist",
			);
			runOnlyForDeploymentPostprocessing = 0;
			shellPath = /bin/sh;
			shellScript = "\"${PODS_ROOT}/Target Support Files/Pods-CompanyList/Pods-CompanyList-frameworks.sh\"\n";
			showEnvVarsInLog = 0;
		};
/* End PBXShellScriptBuildPhase section */

/* Begin PBXSourcesBuildPhase section */
		079C749525089697004D20C6 /* Sources */ = {
			isa = PBXSourcesBuildPhase;
			buildActionMask = 2147483647;
			files = (
				07700285250B32220059C168 /* HorizontalThemeCellViewModel.swift in Sources */,
				079C74DA250915CC004D20C6 /* Item.swift in Sources */,
				079C74CD2508E10E004D20C6 /* CompanyCell.swift in Sources */,
				079C74E225091722004D20C6 /* CompanyCellViewModel.swift in Sources */,
				07AF9FBD250A6B330077BE7C /* HorizontalThemeCell.swift in Sources */,
				07AF9F9B250A09C00077BE7C /* InterviewCellViewModel.swift in Sources */,
				079C74E4250917A2004D20C6 /* ObservableType+Extras.swift in Sources */,
				079C74DC250916A4004D20C6 /* CompanyListViewModel.swift in Sources */,
				079C74DE250916E8004D20C6 /* DummyCellViewModel.swift in Sources */,
				07AF9FA6250A17100077BE7C /* Review.swift in Sources */,
				07AF9FC2250A6BEA0077BE7C /* CoverCell.swift in Sources */,
				079C74D625091570004D20C6 /* CommonItemType.swift in Sources */,
				07AF9F902509CDC10077BE7C /* CompanyTitleView.swift in Sources */,
				07AF9F8E2509CB310077BE7C /* UIView+Extras.swift in Sources */,
				07AF9FA4250A13AB0077BE7C /* ReviewCellViewModel.swift in Sources */,
				079C74CA2508B2BA004D20C6 /* Response.swift in Sources */,
				079C74A125089697004D20C6 /* CompanyListViewController.swift in Sources */,
				079C749D25089697004D20C6 /* AppDelegate.swift in Sources */,
				07AF9FAA250A22AC0077BE7C /* SalaryCell.swift in Sources */,
				07AF9FBA250A60060077BE7C /* UIColor+Extras.swift in Sources */,
				07AF9FA1250A13870077BE7C /* ReviewCell.swift in Sources */,
				079C74D325091529004D20C6 /* Company.swift in Sources */,
				07700287250B368B0059C168 /* CoverCellViewModel.swift in Sources */,
				07AF9F97250A099D0077BE7C /* InterviewCell.swift in Sources */,
				07AF9FB8250A5AC80077BE7C /* JobPosting.swift in Sources */,
				07AF9FB6250A5A230077BE7C /* JobPostingCellViewModel.swift in Sources */,
				07AF9FAD250A22D50077BE7C /* SalaryCellViewModel.swift in Sources */,
				07700289250B383D0059C168 /* HorizontalTheme.swift in Sources */,
				079C74D12508E326004D20C6 /* BindableType.swift in Sources */,
				079C74D825091590004D20C6 /* Dummy.swift in Sources */,
				079C74E825091E04004D20C6 /* CellViewModelType.swift in Sources */,
				07AF9FB3250A5A080077BE7C /* JobPostingCell.swift in Sources */,
				07AF9FAF250A23680077BE7C /* Salary.swift in Sources */,
				079C749F25089697004D20C6 /* SceneDelegate.swift in Sources */,
				07AF9F9D250A0B790077BE7C /* Interview.swift in Sources */,
			);
			runOnlyForDeploymentPostprocessing = 0;
		};
		079C74AB25089699004D20C6 /* Sources */ = {
			isa = PBXSourcesBuildPhase;
			buildActionMask = 2147483647;
			files = (
				079C74B425089699004D20C6 /* CompanyListTests.swift in Sources */,
			);
			runOnlyForDeploymentPostprocessing = 0;
		};
/* End PBXSourcesBuildPhase section */

/* Begin PBXTargetDependency section */
		079C74B125089699004D20C6 /* PBXTargetDependency */ = {
			isa = PBXTargetDependency;
			target = 079C749825089697004D20C6 /* CompanyList */;
			targetProxy = 079C74B025089699004D20C6 /* PBXContainerItemProxy */;
		};
/* End PBXTargetDependency section */

/* Begin PBXVariantGroup section */
		079C74A225089697004D20C6 /* Main.storyboard */ = {
			isa = PBXVariantGroup;
			children = (
				079C74A325089697004D20C6 /* Base */,
			);
			name = Main.storyboard;
			sourceTree = "<group>";
		};
		079C74A725089699004D20C6 /* LaunchScreen.storyboard */ = {
			isa = PBXVariantGroup;
			children = (
				079C74A825089699004D20C6 /* Base */,
			);
			name = LaunchScreen.storyboard;
			sourceTree = "<group>";
		};
/* End PBXVariantGroup section */

/* Begin XCBuildConfiguration section */
		079C74B625089699004D20C6 /* Debug */ = {
			isa = XCBuildConfiguration;
			buildSettings = {
				ALWAYS_SEARCH_USER_PATHS = NO;
				CLANG_ANALYZER_NONNULL = YES;
				CLANG_ANALYZER_NUMBER_OBJECT_CONVERSION = YES_AGGRESSIVE;
				CLANG_CXX_LANGUAGE_STANDARD = "gnu++14";
				CLANG_CXX_LIBRARY = "libc++";
				CLANG_ENABLE_MODULES = YES;
				CLANG_ENABLE_OBJC_ARC = YES;
				CLANG_ENABLE_OBJC_WEAK = YES;
				CLANG_WARN_BLOCK_CAPTURE_AUTORELEASING = YES;
				CLANG_WARN_BOOL_CONVERSION = YES;
				CLANG_WARN_COMMA = YES;
				CLANG_WARN_CONSTANT_CONVERSION = YES;
				CLANG_WARN_DEPRECATED_OBJC_IMPLEMENTATIONS = YES;
				CLANG_WARN_DIRECT_OBJC_ISA_USAGE = YES_ERROR;
				CLANG_WARN_DOCUMENTATION_COMMENTS = YES;
				CLANG_WARN_EMPTY_BODY = YES;
				CLANG_WARN_ENUM_CONVERSION = YES;
				CLANG_WARN_INFINITE_RECURSION = YES;
				CLANG_WARN_INT_CONVERSION = YES;
				CLANG_WARN_NON_LITERAL_NULL_CONVERSION = YES;
				CLANG_WARN_OBJC_IMPLICIT_RETAIN_SELF = YES;
				CLANG_WARN_OBJC_LITERAL_CONVERSION = YES;
				CLANG_WARN_OBJC_ROOT_CLASS = YES_ERROR;
				CLANG_WARN_RANGE_LOOP_ANALYSIS = YES;
				CLANG_WARN_STRICT_PROTOTYPES = YES;
				CLANG_WARN_SUSPICIOUS_MOVE = YES;
				CLANG_WARN_UNGUARDED_AVAILABILITY = YES_AGGRESSIVE;
				CLANG_WARN_UNREACHABLE_CODE = YES;
				CLANG_WARN__DUPLICATE_METHOD_MATCH = YES;
				COPY_PHASE_STRIP = NO;
				DEBUG_INFORMATION_FORMAT = dwarf;
				ENABLE_STRICT_OBJC_MSGSEND = YES;
				ENABLE_TESTABILITY = YES;
				GCC_C_LANGUAGE_STANDARD = gnu11;
				GCC_DYNAMIC_NO_PIC = NO;
				GCC_NO_COMMON_BLOCKS = YES;
				GCC_OPTIMIZATION_LEVEL = 0;
				GCC_PREPROCESSOR_DEFINITIONS = (
					"DEBUG=1",
					"$(inherited)",
				);
				GCC_WARN_64_TO_32_BIT_CONVERSION = YES;
				GCC_WARN_ABOUT_RETURN_TYPE = YES_ERROR;
				GCC_WARN_UNDECLARED_SELECTOR = YES;
				GCC_WARN_UNINITIALIZED_AUTOS = YES_AGGRESSIVE;
				GCC_WARN_UNUSED_FUNCTION = YES;
				GCC_WARN_UNUSED_VARIABLE = YES;
				IPHONEOS_DEPLOYMENT_TARGET = 13.7;
				MTL_ENABLE_DEBUG_INFO = INCLUDE_SOURCE;
				MTL_FAST_MATH = YES;
				ONLY_ACTIVE_ARCH = YES;
				SDKROOT = iphoneos;
				SWIFT_ACTIVE_COMPILATION_CONDITIONS = DEBUG;
				SWIFT_OPTIMIZATION_LEVEL = "-Onone";
			};
			name = Debug;
		};
		079C74B725089699004D20C6 /* Release */ = {
			isa = XCBuildConfiguration;
			buildSettings = {
				ALWAYS_SEARCH_USER_PATHS = NO;
				CLANG_ANALYZER_NONNULL = YES;
				CLANG_ANALYZER_NUMBER_OBJECT_CONVERSION = YES_AGGRESSIVE;
				CLANG_CXX_LANGUAGE_STANDARD = "gnu++14";
				CLANG_CXX_LIBRARY = "libc++";
				CLANG_ENABLE_MODULES = YES;
				CLANG_ENABLE_OBJC_ARC = YES;
				CLANG_ENABLE_OBJC_WEAK = YES;
				CLANG_WARN_BLOCK_CAPTURE_AUTORELEASING = YES;
				CLANG_WARN_BOOL_CONVERSION = YES;
				CLANG_WARN_COMMA = YES;
				CLANG_WARN_CONSTANT_CONVERSION = YES;
				CLANG_WARN_DEPRECATED_OBJC_IMPLEMENTATIONS = YES;
				CLANG_WARN_DIRECT_OBJC_ISA_USAGE = YES_ERROR;
				CLANG_WARN_DOCUMENTATION_COMMENTS = YES;
				CLANG_WARN_EMPTY_BODY = YES;
				CLANG_WARN_ENUM_CONVERSION = YES;
				CLANG_WARN_INFINITE_RECURSION = YES;
				CLANG_WARN_INT_CONVERSION = YES;
				CLANG_WARN_NON_LITERAL_NULL_CONVERSION = YES;
				CLANG_WARN_OBJC_IMPLICIT_RETAIN_SELF = YES;
				CLANG_WARN_OBJC_LITERAL_CONVERSION = YES;
				CLANG_WARN_OBJC_ROOT_CLASS = YES_ERROR;
				CLANG_WARN_RANGE_LOOP_ANALYSIS = YES;
				CLANG_WARN_STRICT_PROTOTYPES = YES;
				CLANG_WARN_SUSPICIOUS_MOVE = YES;
				CLANG_WARN_UNGUARDED_AVAILABILITY = YES_AGGRESSIVE;
				CLANG_WARN_UNREACHABLE_CODE = YES;
				CLANG_WARN__DUPLICATE_METHOD_MATCH = YES;
				COPY_PHASE_STRIP = NO;
				DEBUG_INFORMATION_FORMAT = "dwarf-with-dsym";
				ENABLE_NS_ASSERTIONS = NO;
				ENABLE_STRICT_OBJC_MSGSEND = YES;
				GCC_C_LANGUAGE_STANDARD = gnu11;
				GCC_NO_COMMON_BLOCKS = YES;
				GCC_WARN_64_TO_32_BIT_CONVERSION = YES;
				GCC_WARN_ABOUT_RETURN_TYPE = YES_ERROR;
				GCC_WARN_UNDECLARED_SELECTOR = YES;
				GCC_WARN_UNINITIALIZED_AUTOS = YES_AGGRESSIVE;
				GCC_WARN_UNUSED_FUNCTION = YES;
				GCC_WARN_UNUSED_VARIABLE = YES;
				IPHONEOS_DEPLOYMENT_TARGET = 13.7;
				MTL_ENABLE_DEBUG_INFO = NO;
				MTL_FAST_MATH = YES;
				SDKROOT = iphoneos;
				SWIFT_COMPILATION_MODE = wholemodule;
				SWIFT_OPTIMIZATION_LEVEL = "-O";
				VALIDATE_PRODUCT = YES;
			};
			name = Release;
		};
		079C74B925089699004D20C6 /* Debug */ = {
			isa = XCBuildConfiguration;
			baseConfigurationReference = 80C0974907DB343A1CD78681 /* Pods-CompanyList.debug.xcconfig */;
			buildSettings = {
				ASSETCATALOG_COMPILER_APPICON_NAME = AppIcon;
				CODE_SIGN_STYLE = Automatic;
				DEVELOPMENT_TEAM = C2JG56G9EQ;
				INFOPLIST_FILE = CompanyList/Info.plist;
				IPHONEOS_DEPLOYMENT_TARGET = 11.0;
				LD_RUNPATH_SEARCH_PATHS = (
					"$(inherited)",
					"@executable_path/Frameworks",
				);
				PRODUCT_BUNDLE_IDENTIFIER = com.yunseop.CompanyList;
				PRODUCT_NAME = "$(TARGET_NAME)";
				SWIFT_VERSION = 5.0;
				TARGETED_DEVICE_FAMILY = "1,2";
			};
			name = Debug;
		};
		079C74BA25089699004D20C6 /* Release */ = {
			isa = XCBuildConfiguration;
			baseConfigurationReference = 0B92F13BA32ECFBEA709B0A1 /* Pods-CompanyList.release.xcconfig */;
			buildSettings = {
				ASSETCATALOG_COMPILER_APPICON_NAME = AppIcon;
				CODE_SIGN_STYLE = Automatic;
				DEVELOPMENT_TEAM = C2JG56G9EQ;
				INFOPLIST_FILE = CompanyList/Info.plist;
				IPHONEOS_DEPLOYMENT_TARGET = 11.0;
				LD_RUNPATH_SEARCH_PATHS = (
					"$(inherited)",
					"@executable_path/Frameworks",
				);
				PRODUCT_BUNDLE_IDENTIFIER = com.yunseop.CompanyList;
				PRODUCT_NAME = "$(TARGET_NAME)";
				SWIFT_VERSION = 5.0;
				TARGETED_DEVICE_FAMILY = "1,2";
			};
			name = Release;
		};
		079C74BC25089699004D20C6 /* Debug */ = {
			isa = XCBuildConfiguration;
			baseConfigurationReference = 5B29C67B5E810B982CCBF997 /* Pods-CompanyListTests.debug.xcconfig */;
			buildSettings = {
				ALWAYS_EMBED_SWIFT_STANDARD_LIBRARIES = YES;
				BUNDLE_LOADER = "$(TEST_HOST)";
				CODE_SIGN_STYLE = Automatic;
				DEVELOPMENT_TEAM = C2JG56G9EQ;
				INFOPLIST_FILE = CompanyListTests/Info.plist;
				IPHONEOS_DEPLOYMENT_TARGET = 13.7;
				LD_RUNPATH_SEARCH_PATHS = (
					"$(inherited)",
					"@executable_path/Frameworks",
					"@loader_path/Frameworks",
				);
				PRODUCT_BUNDLE_IDENTIFIER = com.yunseop.CompanyListTests;
				PRODUCT_NAME = "$(TARGET_NAME)";
				SWIFT_VERSION = 5.0;
				TARGETED_DEVICE_FAMILY = "1,2";
				TEST_HOST = "$(BUILT_PRODUCTS_DIR)/CompanyList.app/CompanyList";
			};
			name = Debug;
		};
		079C74BD25089699004D20C6 /* Release */ = {
			isa = XCBuildConfiguration;
			baseConfigurationReference = 1C9800082FF8153B181E123C /* Pods-CompanyListTests.release.xcconfig */;
			buildSettings = {
				ALWAYS_EMBED_SWIFT_STANDARD_LIBRARIES = YES;
				BUNDLE_LOADER = "$(TEST_HOST)";
				CODE_SIGN_STYLE = Automatic;
				DEVELOPMENT_TEAM = C2JG56G9EQ;
				INFOPLIST_FILE = CompanyListTests/Info.plist;
				IPHONEOS_DEPLOYMENT_TARGET = 13.7;
				LD_RUNPATH_SEARCH_PATHS = (
					"$(inherited)",
					"@executable_path/Frameworks",
					"@loader_path/Frameworks",
				);
				PRODUCT_BUNDLE_IDENTIFIER = com.yunseop.CompanyListTests;
				PRODUCT_NAME = "$(TARGET_NAME)";
				SWIFT_VERSION = 5.0;
				TARGETED_DEVICE_FAMILY = "1,2";
				TEST_HOST = "$(BUILT_PRODUCTS_DIR)/CompanyList.app/CompanyList";
			};
			name = Release;
		};
/* End XCBuildConfiguration section */

/* Begin XCConfigurationList section */
		079C749425089697004D20C6 /* Build configuration list for PBXProject "CompanyList" */ = {
			isa = XCConfigurationList;
			buildConfigurations = (
				079C74B625089699004D20C6 /* Debug */,
				079C74B725089699004D20C6 /* Release */,
			);
			defaultConfigurationIsVisible = 0;
			defaultConfigurationName = Release;
		};
		079C74B825089699004D20C6 /* Build configuration list for PBXNativeTarget "CompanyList" */ = {
			isa = XCConfigurationList;
			buildConfigurations = (
				079C74B925089699004D20C6 /* Debug */,
				079C74BA25089699004D20C6 /* Release */,
			);
			defaultConfigurationIsVisible = 0;
			defaultConfigurationName = Release;
		};
		079C74BB25089699004D20C6 /* Build configuration list for PBXNativeTarget "CompanyListTests" */ = {
			isa = XCConfigurationList;
			buildConfigurations = (
				079C74BC25089699004D20C6 /* Debug */,
				079C74BD25089699004D20C6 /* Release */,
			);
			defaultConfigurationIsVisible = 0;
			defaultConfigurationName = Release;
		};
/* End XCConfigurationList section */
	};
	rootObject = 079C749125089697004D20C6 /* Project object */;
}
